// !$*UTF8*$!
{
	archiveVersion = 1;
	classes = {
	};
	objectVersion = 46;
	objects = {

/* Begin PBXBuildFile section */
		A184C90B042A46FE9BBAEA43 /* libPods.a in Frameworks */ = {isa = PBXBuildFile; fileRef = 95B35D4481A94DB78201E01B /* libPods.a */; };
		BB065AB019F12B6A00A39CBF /* MasterViewController.m in Sources */ = {isa = PBXBuildFile; fileRef = BB065AAF19F12B6A00A39CBF /* MasterViewController.m */; };
		BB065AB419F12D2800A39CBF /* SettingsViewController.m in Sources */ = {isa = PBXBuildFile; fileRef = BB065AB219F12D2800A39CBF /* SettingsViewController.m */; };
		BB065AB919F12D3B00A39CBF /* BrowserViewController.m in Sources */ = {isa = PBXBuildFile; fileRef = BB065AB719F12D3B00A39CBF /* BrowserViewController.m */; };
		BB0F1F5119F64FDF00AB06FA /* Library.m in Sources */ = {isa = PBXBuildFile; fileRef = BB0F1F5019F64FDF00AB06FA /* Library.m */; };
		BB0F1F6619F689F700AB06FA /* TVEpisode.m in Sources */ = {isa = PBXBuildFile; fileRef = BB0F1F6519F689F700AB06FA /* TVEpisode.m */; };
		BB0F1F6919F689F800AB06FA /* TVShow.m in Sources */ = {isa = PBXBuildFile; fileRef = BB0F1F6819F689F800AB06FA /* TVShow.m */; };
		BB0F1F6F19F69CB600AB06FA /* PosterView.m in Sources */ = {isa = PBXBuildFile; fileRef = BB0F1F6E19F69CB600AB06FA /* PosterView.m */; };
		BB0F1F7519F6BB5D00AB06FA /* ShadowView.m in Sources */ = {isa = PBXBuildFile; fileRef = BB0F1F7419F6BB5D00AB06FA /* ShadowView.m */; };
		BB0F1F7819F6C0CD00AB06FA /* MainButton.m in Sources */ = {isa = PBXBuildFile; fileRef = BB0F1F7719F6C0CD00AB06FA /* MainButton.m */; };
		BB0F1F7C19F6D7BA00AB06FA /* MovieDetailsViewController.m in Sources */ = {isa = PBXBuildFile; fileRef = BB0F1F7A19F6D7BA00AB06FA /* MovieDetailsViewController.m */; };
		BB0F1F7D19F6D7BA00AB06FA /* MovieDetailsViewController.xib in Resources */ = {isa = PBXBuildFile; fileRef = BB0F1F7B19F6D7BA00AB06FA /* MovieDetailsViewController.xib */; };
		BB0F1F8419F6DB0F00AB06FA /* TVShowDetailsViewController.m in Sources */ = {isa = PBXBuildFile; fileRef = BB0F1F8219F6DB0F00AB06FA /* TVShowDetailsViewController.m */; };
		BB0F1F8519F6DB0F00AB06FA /* TVShowDetailsViewController.xib in Resources */ = {isa = PBXBuildFile; fileRef = BB0F1F8319F6DB0F00AB06FA /* TVShowDetailsViewController.xib */; };
		BB0F1F8819F6E9DB00AB06FA /* Movie.m in Sources */ = {isa = PBXBuildFile; fileRef = BB0F1F8719F6E9DB00AB06FA /* Movie.m */; };
		BB3898C019F27BC900FDC1BA /* RegExCategories.m in Sources */ = {isa = PBXBuildFile; fileRef = BB3898BF19F27BC900FDC1BA /* RegExCategories.m */; };
		BB8989C619EFF2B500C04857 /* AppDelegate.m in Sources */ = {isa = PBXBuildFile; fileRef = BB8989C519EFF2B500C04857 /* AppDelegate.m */; };
		BB8989C819EFF2B500C04857 /* main.m in Sources */ = {isa = PBXBuildFile; fileRef = BB8989C719EFF2B500C04857 /* main.m */; };
		BB8989CE19EFF2B500C04857 /* AirPlayMe.xcdatamodeld in Sources */ = {isa = PBXBuildFile; fileRef = BB8989CC19EFF2B500C04857 /* AirPlayMe.xcdatamodeld */; };
		BB8989D019EFF2B500C04857 /* Images.xcassets in Resources */ = {isa = PBXBuildFile; fileRef = BB8989CF19EFF2B500C04857 /* Images.xcassets */; };
		BB8989D319EFF2B500C04857 /* Main.storyboard in Resources */ = {isa = PBXBuildFile; fileRef = BB8989D119EFF2B500C04857 /* Main.storyboard */; };
		BB8989DF19EFF2B500C04857 /* AirPlayMeTests.m in Sources */ = {isa = PBXBuildFile; fileRef = BB8989DE19EFF2B500C04857 /* AirPlayMeTests.m */; };
		BB8989EA19EFF6C000C04857 /* WindowController.m in Sources */ = {isa = PBXBuildFile; fileRef = BB8989E919EFF6C000C04857 /* WindowController.m */; };
		BBABAD0519F3B0820029B0F2 /* Utils.m in Sources */ = {isa = PBXBuildFile; fileRef = BBABAD0419F3B0820029B0F2 /* Utils.m */; };
		BBABAD2F19F405660029B0F2 /* BrowserViewItem.m in Sources */ = {isa = PBXBuildFile; fileRef = BBABAD2E19F405660029B0F2 /* BrowserViewItem.m */; };
		BBABAD3119F409150029B0F2 /* BrowserViewItem.xib in Resources */ = {isa = PBXBuildFile; fileRef = BBABAD3019F409150029B0F2 /* BrowserViewItem.xib */; };
		BBABAD4119F42ECC0029B0F2 /* YLMomentRelativeTimeLocalizable.strings in Resources */ = {isa = PBXBuildFile; fileRef = BBABAD3519F42ECC0029B0F2 /* YLMomentRelativeTimeLocalizable.strings */; };
		BBABAD4219F42ECC0029B0F2 /* YLMoment.m in Sources */ = {isa = PBXBuildFile; fileRef = BBABAD4019F42ECC0029B0F2 /* YLMoment.m */; };
		BBABAD6819F45DF80029B0F2 /* QuartzCore.framework in Frameworks */ = {isa = PBXBuildFile; fileRef = BBABAD6719F45DF80029B0F2 /* QuartzCore.framework */; };
		BBBEA35F19F8EA1400F669BC /* FlippedView.m in Sources */ = {isa = PBXBuildFile; fileRef = BBBEA35E19F8EA1400F669BC /* FlippedView.m */; };
		BBBEA36219F8FB3B00F669BC /* FlippedClipView.m in Sources */ = {isa = PBXBuildFile; fileRef = BBBEA36119F8FB3B00F669BC /* FlippedClipView.m */; };
		BBBEA36519F8FD8900F669BC /* BackDropView.m in Sources */ = {isa = PBXBuildFile; fileRef = BBBEA36419F8FD8900F669BC /* BackDropView.m */; };
		BBBEA36819F91D1700F669BC /* CustomBackgroundView.m in Sources */ = {isa = PBXBuildFile; fileRef = BBBEA36719F91D1700F669BC /* CustomBackgroundView.m */; };
		BBBEA36D19F938C100F669BC /* Eye-Active.png in Resources */ = {isa = PBXBuildFile; fileRef = BBBEA36919F938C100F669BC /* Eye-Active.png */; };
		BBBEA36E19F938C100F669BC /* Eye-Active@2x.png in Resources */ = {isa = PBXBuildFile; fileRef = BBBEA36A19F938C100F669BC /* Eye-Active@2x.png */; };
		BBBEA36F19F938C100F669BC /* Eye.png in Resources */ = {isa = PBXBuildFile; fileRef = BBBEA36B19F938C100F669BC /* Eye.png */; };
		BBBEA37019F938C100F669BC /* Eye@2x.png in Resources */ = {isa = PBXBuildFile; fileRef = BBBEA36C19F938C100F669BC /* Eye@2x.png */; };
		BBBEA37619F93EA300F669BC /* CustomTableCell.m in Sources */ = {isa = PBXBuildFile; fileRef = BBBEA37519F93EA300F669BC /* CustomTableCell.m */; };
		BBBEA37919F93F5000F669BC /* CustomTableRow.m in Sources */ = {isa = PBXBuildFile; fileRef = BBBEA37819F93F5000F669BC /* CustomTableRow.m */; };
		BBBEEDD619F7B11200348B92 /* Star-Empty.png in Resources */ = {isa = PBXBuildFile; fileRef = BBBEEDD219F7B11200348B92 /* Star-Empty.png */; };
		BBBEEDD719F7B11200348B92 /* Star-Empty@2x.png in Resources */ = {isa = PBXBuildFile; fileRef = BBBEEDD319F7B11200348B92 /* Star-Empty@2x.png */; };
		BBBEEDD819F7B11200348B92 /* Star-Full.png in Resources */ = {isa = PBXBuildFile; fileRef = BBBEEDD419F7B11200348B92 /* Star-Full.png */; };
		BBBEEDD919F7B11200348B92 /* Star-Full@2x.png in Resources */ = {isa = PBXBuildFile; fileRef = BBBEEDD519F7B11200348B92 /* Star-Full@2x.png */; };
		BBCE48F219F7C84C00EE9925 /* Play.png in Resources */ = {isa = PBXBuildFile; fileRef = BBCE48F019F7C84C00EE9925 /* Play.png */; };
		BBCE48F319F7C84C00EE9925 /* Play@2x.png in Resources */ = {isa = PBXBuildFile; fileRef = BBCE48F119F7C84C00EE9925 /* Play@2x.png */; };
		BBCE48F619F7C8F000EE9925 /* Play-Active.png in Resources */ = {isa = PBXBuildFile; fileRef = BBCE48F419F7C8F000EE9925 /* Play-Active.png */; };
		BBCE48F719F7C8F000EE9925 /* Play-Active@2x.png in Resources */ = {isa = PBXBuildFile; fileRef = BBCE48F519F7C8F000EE9925 /* Play-Active@2x.png */; };
		BBCE48FA19F7CAE200EE9925 /* ShadowTextField.m in Sources */ = {isa = PBXBuildFile; fileRef = BBCE48F919F7CAE200EE9925 /* ShadowTextField.m */; };
/* End PBXBuildFile section */

/* Begin PBXContainerItemProxy section */
		BB8989D919EFF2B500C04857 /* PBXContainerItemProxy */ = {
			isa = PBXContainerItemProxy;
			containerPortal = BB8989B719EFF2B500C04857 /* Project object */;
			proxyType = 1;
			remoteGlobalIDString = BB8989BE19EFF2B500C04857;
			remoteInfo = AirPlayMe;
		};
/* End PBXContainerItemProxy section */

/* Begin PBXFileReference section */
		95B35D4481A94DB78201E01B /* libPods.a */ = {isa = PBXFileReference; explicitFileType = archive.ar; includeInIndex = 0; path = libPods.a; sourceTree = BUILT_PRODUCTS_DIR; };
		BB065AAE19F12B6A00A39CBF /* MasterViewController.h */ = {isa = PBXFileReference; fileEncoding = 4; lastKnownFileType = sourcecode.c.h; path = MasterViewController.h; sourceTree = "<group>"; };
		BB065AAF19F12B6A00A39CBF /* MasterViewController.m */ = {isa = PBXFileReference; fileEncoding = 4; lastKnownFileType = sourcecode.c.objc; path = MasterViewController.m; sourceTree = "<group>"; };
		BB065AB119F12D2800A39CBF /* SettingsViewController.h */ = {isa = PBXFileReference; fileEncoding = 4; lastKnownFileType = sourcecode.c.h; path = SettingsViewController.h; sourceTree = "<group>"; };
		BB065AB219F12D2800A39CBF /* SettingsViewController.m */ = {isa = PBXFileReference; fileEncoding = 4; lastKnownFileType = sourcecode.c.objc; path = SettingsViewController.m; sourceTree = "<group>"; };
		BB065AB619F12D3B00A39CBF /* BrowserViewController.h */ = {isa = PBXFileReference; fileEncoding = 4; lastKnownFileType = sourcecode.c.h; path = BrowserViewController.h; sourceTree = "<group>"; };
		BB065AB719F12D3B00A39CBF /* BrowserViewController.m */ = {isa = PBXFileReference; fileEncoding = 4; lastKnownFileType = sourcecode.c.objc; path = BrowserViewController.m; sourceTree = "<group>"; };
		BB0F1F4F19F64FDF00AB06FA /* Library.h */ = {isa = PBXFileReference; fileEncoding = 4; lastKnownFileType = sourcecode.c.h; path = Library.h; sourceTree = "<group>"; };
		BB0F1F5019F64FDF00AB06FA /* Library.m */ = {isa = PBXFileReference; fileEncoding = 4; lastKnownFileType = sourcecode.c.objc; path = Library.m; sourceTree = "<group>"; };
		BB0F1F6419F689F700AB06FA /* TVEpisode.h */ = {isa = PBXFileReference; fileEncoding = 4; lastKnownFileType = sourcecode.c.h; path = TVEpisode.h; sourceTree = "<group>"; };
		BB0F1F6519F689F700AB06FA /* TVEpisode.m */ = {isa = PBXFileReference; fileEncoding = 4; lastKnownFileType = sourcecode.c.objc; path = TVEpisode.m; sourceTree = "<group>"; };
		BB0F1F6719F689F800AB06FA /* TVShow.h */ = {isa = PBXFileReference; fileEncoding = 4; lastKnownFileType = sourcecode.c.h; path = TVShow.h; sourceTree = "<group>"; };
		BB0F1F6819F689F800AB06FA /* TVShow.m */ = {isa = PBXFileReference; fileEncoding = 4; lastKnownFileType = sourcecode.c.objc; path = TVShow.m; sourceTree = "<group>"; };
		BB0F1F6D19F69CB600AB06FA /* PosterView.h */ = {isa = PBXFileReference; fileEncoding = 4; lastKnownFileType = sourcecode.c.h; path = PosterView.h; sourceTree = "<group>"; };
		BB0F1F6E19F69CB600AB06FA /* PosterView.m */ = {isa = PBXFileReference; fileEncoding = 4; lastKnownFileType = sourcecode.c.objc; path = PosterView.m; sourceTree = "<group>"; };
		BB0F1F7319F6BB5D00AB06FA /* ShadowView.h */ = {isa = PBXFileReference; fileEncoding = 4; lastKnownFileType = sourcecode.c.h; path = ShadowView.h; sourceTree = "<group>"; };
		BB0F1F7419F6BB5D00AB06FA /* ShadowView.m */ = {isa = PBXFileReference; fileEncoding = 4; lastKnownFileType = sourcecode.c.objc; path = ShadowView.m; sourceTree = "<group>"; };
		BB0F1F7619F6C0CD00AB06FA /* MainButton.h */ = {isa = PBXFileReference; fileEncoding = 4; lastKnownFileType = sourcecode.c.h; path = MainButton.h; sourceTree = "<group>"; };
		BB0F1F7719F6C0CD00AB06FA /* MainButton.m */ = {isa = PBXFileReference; fileEncoding = 4; lastKnownFileType = sourcecode.c.objc; path = MainButton.m; sourceTree = "<group>"; };
		BB0F1F7919F6D7BA00AB06FA /* MovieDetailsViewController.h */ = {isa = PBXFileReference; fileEncoding = 4; lastKnownFileType = sourcecode.c.h; path = MovieDetailsViewController.h; sourceTree = "<group>"; };
		BB0F1F7A19F6D7BA00AB06FA /* MovieDetailsViewController.m */ = {isa = PBXFileReference; fileEncoding = 4; lastKnownFileType = sourcecode.c.objc; path = MovieDetailsViewController.m; sourceTree = "<group>"; };
		BB0F1F7B19F6D7BA00AB06FA /* MovieDetailsViewController.xib */ = {isa = PBXFileReference; fileEncoding = 4; lastKnownFileType = file.xib; path = MovieDetailsViewController.xib; sourceTree = "<group>"; };
		BB0F1F8119F6DB0F00AB06FA /* TVShowDetailsViewController.h */ = {isa = PBXFileReference; fileEncoding = 4; lastKnownFileType = sourcecode.c.h; path = TVShowDetailsViewController.h; sourceTree = "<group>"; };
		BB0F1F8219F6DB0F00AB06FA /* TVShowDetailsViewController.m */ = {isa = PBXFileReference; fileEncoding = 4; lastKnownFileType = sourcecode.c.objc; path = TVShowDetailsViewController.m; sourceTree = "<group>"; };
		BB0F1F8319F6DB0F00AB06FA /* TVShowDetailsViewController.xib */ = {isa = PBXFileReference; fileEncoding = 4; lastKnownFileType = file.xib; path = TVShowDetailsViewController.xib; sourceTree = "<group>"; };
		BB0F1F8619F6E9DB00AB06FA /* Movie.h */ = {isa = PBXFileReference; fileEncoding = 4; lastKnownFileType = sourcecode.c.h; path = Movie.h; sourceTree = "<group>"; };
		BB0F1F8719F6E9DB00AB06FA /* Movie.m */ = {isa = PBXFileReference; fileEncoding = 4; lastKnownFileType = sourcecode.c.objc; path = Movie.m; sourceTree = "<group>"; };
		BB3898BE19F27BC900FDC1BA /* RegExCategories.h */ = {isa = PBXFileReference; fileEncoding = 4; lastKnownFileType = sourcecode.c.h; path = RegExCategories.h; sourceTree = "<group>"; };
		BB3898BF19F27BC900FDC1BA /* RegExCategories.m */ = {isa = PBXFileReference; fileEncoding = 4; lastKnownFileType = sourcecode.c.objc; path = RegExCategories.m; sourceTree = "<group>"; };
		BB8989BF19EFF2B500C04857 /* AirPlayMe.app */ = {isa = PBXFileReference; explicitFileType = wrapper.application; includeInIndex = 0; path = AirPlayMe.app; sourceTree = BUILT_PRODUCTS_DIR; };
		BB8989C319EFF2B500C04857 /* Info.plist */ = {isa = PBXFileReference; lastKnownFileType = text.plist.xml; path = Info.plist; sourceTree = "<group>"; };
		BB8989C419EFF2B500C04857 /* AppDelegate.h */ = {isa = PBXFileReference; lastKnownFileType = sourcecode.c.h; path = AppDelegate.h; sourceTree = "<group>"; };
		BB8989C519EFF2B500C04857 /* AppDelegate.m */ = {isa = PBXFileReference; lastKnownFileType = sourcecode.c.objc; path = AppDelegate.m; sourceTree = "<group>"; };
		BB8989C719EFF2B500C04857 /* main.m */ = {isa = PBXFileReference; lastKnownFileType = sourcecode.c.objc; path = main.m; sourceTree = "<group>"; };
		BB8989CD19EFF2B500C04857 /* AirPlayMe.xcdatamodel */ = {isa = PBXFileReference; lastKnownFileType = wrapper.xcdatamodel; path = AirPlayMe.xcdatamodel; sourceTree = "<group>"; };
		BB8989CF19EFF2B500C04857 /* Images.xcassets */ = {isa = PBXFileReference; lastKnownFileType = folder.assetcatalog; path = Images.xcassets; sourceTree = "<group>"; };
		BB8989D219EFF2B500C04857 /* Base */ = {isa = PBXFileReference; lastKnownFileType = file.storyboard; name = Base; path = Base.lproj/Main.storyboard; sourceTree = "<group>"; };
		BB8989D819EFF2B500C04857 /* AirPlayMeTests.xctest */ = {isa = PBXFileReference; explicitFileType = wrapper.cfbundle; includeInIndex = 0; path = AirPlayMeTests.xctest; sourceTree = BUILT_PRODUCTS_DIR; };
		BB8989DD19EFF2B500C04857 /* Info.plist */ = {isa = PBXFileReference; lastKnownFileType = text.plist.xml; path = Info.plist; sourceTree = "<group>"; };
		BB8989DE19EFF2B500C04857 /* AirPlayMeTests.m */ = {isa = PBXFileReference; lastKnownFileType = sourcecode.c.objc; path = AirPlayMeTests.m; sourceTree = "<group>"; };
		BB8989E819EFF6C000C04857 /* WindowController.h */ = {isa = PBXFileReference; fileEncoding = 4; lastKnownFileType = sourcecode.c.h; path = WindowController.h; sourceTree = "<group>"; };
		BB8989E919EFF6C000C04857 /* WindowController.m */ = {isa = PBXFileReference; fileEncoding = 4; lastKnownFileType = sourcecode.c.objc; path = WindowController.m; sourceTree = "<group>"; };
		BBABAD0319F3B0820029B0F2 /* Utils.h */ = {isa = PBXFileReference; fileEncoding = 4; lastKnownFileType = sourcecode.c.h; path = Utils.h; sourceTree = "<group>"; };
		BBABAD0419F3B0820029B0F2 /* Utils.m */ = {isa = PBXFileReference; fileEncoding = 4; lastKnownFileType = sourcecode.c.objc; path = Utils.m; sourceTree = "<group>"; };
		BBABAD2D19F405660029B0F2 /* BrowserViewItem.h */ = {isa = PBXFileReference; fileEncoding = 4; lastKnownFileType = sourcecode.c.h; path = BrowserViewItem.h; sourceTree = "<group>"; };
		BBABAD2E19F405660029B0F2 /* BrowserViewItem.m */ = {isa = PBXFileReference; fileEncoding = 4; lastKnownFileType = sourcecode.c.objc; path = BrowserViewItem.m; sourceTree = "<group>"; };
		BBABAD3019F409150029B0F2 /* BrowserViewItem.xib */ = {isa = PBXFileReference; fileEncoding = 4; lastKnownFileType = file.xib; path = BrowserViewItem.xib; sourceTree = "<group>"; };
		BBABAD3219F426900029B0F2 /* Config.h */ = {isa = PBXFileReference; lastKnownFileType = sourcecode.c.h; path = Config.h; sourceTree = "<group>"; };
		BBABAD3619F42ECC0029B0F2 /* de */ = {isa = PBXFileReference; lastKnownFileType = text.plist.strings; name = de; path = de.lproj/YLMomentRelativeTimeLocalizable.strings; sourceTree = "<group>"; };
		BBABAD3719F42ECC0029B0F2 /* en */ = {isa = PBXFileReference; lastKnownFileType = text.plist.strings; name = en; path = en.lproj/YLMomentRelativeTimeLocalizable.strings; sourceTree = "<group>"; };
		BBABAD3819F42ECC0029B0F2 /* es */ = {isa = PBXFileReference; lastKnownFileType = text.plist.strings; name = es; path = es.lproj/YLMomentRelativeTimeLocalizable.strings; sourceTree = "<group>"; };
		BBABAD3919F42ECC0029B0F2 /* fr */ = {isa = PBXFileReference; lastKnownFileType = text.plist.strings; name = fr; path = fr.lproj/YLMomentRelativeTimeLocalizable.strings; sourceTree = "<group>"; };
		BBABAD3A19F42ECC0029B0F2 /* ja */ = {isa = PBXFileReference; lastKnownFileType = text.plist.strings; name = ja; path = ja.lproj/YLMomentRelativeTimeLocalizable.strings; sourceTree = "<group>"; };
		BBABAD3B19F42ECC0029B0F2 /* nl */ = {isa = PBXFileReference; lastKnownFileType = text.plist.strings; name = nl; path = nl.lproj/YLMomentRelativeTimeLocalizable.strings; sourceTree = "<group>"; };
		BBABAD3C19F42ECC0029B0F2 /* pt */ = {isa = PBXFileReference; lastKnownFileType = text.plist.strings; name = pt; path = pt.lproj/YLMomentRelativeTimeLocalizable.strings; sourceTree = "<group>"; };
		BBABAD3D19F42ECC0029B0F2 /* sq */ = {isa = PBXFileReference; lastKnownFileType = text.plist.strings; name = sq; path = sq.lproj/YLMomentRelativeTimeLocalizable.strings; sourceTree = "<group>"; };
		BBABAD3E19F42ECC0029B0F2 /* zh */ = {isa = PBXFileReference; lastKnownFileType = text.plist.strings; name = zh; path = zh.lproj/YLMomentRelativeTimeLocalizable.strings; sourceTree = "<group>"; };
		BBABAD3F19F42ECC0029B0F2 /* YLMoment.h */ = {isa = PBXFileReference; fileEncoding = 4; lastKnownFileType = sourcecode.c.h; path = YLMoment.h; sourceTree = "<group>"; };
		BBABAD4019F42ECC0029B0F2 /* YLMoment.m */ = {isa = PBXFileReference; fileEncoding = 4; lastKnownFileType = sourcecode.c.objc; path = YLMoment.m; sourceTree = "<group>"; };
		BBABAD6719F45DF80029B0F2 /* QuartzCore.framework */ = {isa = PBXFileReference; lastKnownFileType = wrapper.framework; name = QuartzCore.framework; path = System/Library/Frameworks/QuartzCore.framework; sourceTree = SDKROOT; };
		BBBEA35D19F8EA1400F669BC /* FlippedView.h */ = {isa = PBXFileReference; fileEncoding = 4; lastKnownFileType = sourcecode.c.h; path = FlippedView.h; sourceTree = "<group>"; };
		BBBEA35E19F8EA1400F669BC /* FlippedView.m */ = {isa = PBXFileReference; fileEncoding = 4; lastKnownFileType = sourcecode.c.objc; path = FlippedView.m; sourceTree = "<group>"; };
		BBBEA36019F8FB3B00F669BC /* FlippedClipView.h */ = {isa = PBXFileReference; fileEncoding = 4; lastKnownFileType = sourcecode.c.h; path = FlippedClipView.h; sourceTree = "<group>"; };
		BBBEA36119F8FB3B00F669BC /* FlippedClipView.m */ = {isa = PBXFileReference; fileEncoding = 4; lastKnownFileType = sourcecode.c.objc; path = FlippedClipView.m; sourceTree = "<group>"; };
		BBBEA36319F8FD8900F669BC /* BackDropView.h */ = {isa = PBXFileReference; fileEncoding = 4; lastKnownFileType = sourcecode.c.h; path = BackDropView.h; sourceTree = "<group>"; };
		BBBEA36419F8FD8900F669BC /* BackDropView.m */ = {isa = PBXFileReference; fileEncoding = 4; lastKnownFileType = sourcecode.c.objc; path = BackDropView.m; sourceTree = "<group>"; };
		BBBEA36619F91D1700F669BC /* CustomBackgroundView.h */ = {isa = PBXFileReference; fileEncoding = 4; lastKnownFileType = sourcecode.c.h; path = CustomBackgroundView.h; sourceTree = "<group>"; };
		BBBEA36719F91D1700F669BC /* CustomBackgroundView.m */ = {isa = PBXFileReference; fileEncoding = 4; lastKnownFileType = sourcecode.c.objc; path = CustomBackgroundView.m; sourceTree = "<group>"; };
		BBBEA36919F938C100F669BC /* Eye-Active.png */ = {isa = PBXFileReference; lastKnownFileType = image.png; path = "Eye-Active.png"; sourceTree = "<group>"; };
		BBBEA36A19F938C100F669BC /* Eye-Active@2x.png */ = {isa = PBXFileReference; lastKnownFileType = image.png; path = "Eye-Active@2x.png"; sourceTree = "<group>"; };
		BBBEA36B19F938C100F669BC /* Eye.png */ = {isa = PBXFileReference; lastKnownFileType = image.png; path = Eye.png; sourceTree = "<group>"; };
		BBBEA36C19F938C100F669BC /* Eye@2x.png */ = {isa = PBXFileReference; lastKnownFileType = image.png; path = "Eye@2x.png"; sourceTree = "<group>"; };
		BBBEA37419F93EA300F669BC /* CustomTableCell.h */ = {isa = PBXFileReference; fileEncoding = 4; lastKnownFileType = sourcecode.c.h; path = CustomTableCell.h; sourceTree = "<group>"; };
		BBBEA37519F93EA300F669BC /* CustomTableCell.m */ = {isa = PBXFileReference; fileEncoding = 4; lastKnownFileType = sourcecode.c.objc; path = CustomTableCell.m; sourceTree = "<group>"; };
		BBBEA37719F93F5000F669BC /* CustomTableRow.h */ = {isa = PBXFileReference; fileEncoding = 4; lastKnownFileType = sourcecode.c.h; path = CustomTableRow.h; sourceTree = "<group>"; };
		BBBEA37819F93F5000F669BC /* CustomTableRow.m */ = {isa = PBXFileReference; fileEncoding = 4; lastKnownFileType = sourcecode.c.objc; path = CustomTableRow.m; sourceTree = "<group>"; };
		BBBEEDD219F7B11200348B92 /* Star-Empty.png */ = {isa = PBXFileReference; lastKnownFileType = image.png; path = "Star-Empty.png"; sourceTree = "<group>"; };
		BBBEEDD319F7B11200348B92 /* Star-Empty@2x.png */ = {isa = PBXFileReference; lastKnownFileType = image.png; path = "Star-Empty@2x.png"; sourceTree = "<group>"; };
		BBBEEDD419F7B11200348B92 /* Star-Full.png */ = {isa = PBXFileReference; lastKnownFileType = image.png; path = "Star-Full.png"; sourceTree = "<group>"; };
		BBBEEDD519F7B11200348B92 /* Star-Full@2x.png */ = {isa = PBXFileReference; lastKnownFileType = image.png; path = "Star-Full@2x.png"; sourceTree = "<group>"; };
		BBCE48F019F7C84C00EE9925 /* Play.png */ = {isa = PBXFileReference; lastKnownFileType = image.png; path = Play.png; sourceTree = "<group>"; };
		BBCE48F119F7C84C00EE9925 /* Play@2x.png */ = {isa = PBXFileReference; lastKnownFileType = image.png; path = "Play@2x.png"; sourceTree = "<group>"; };
		BBCE48F419F7C8F000EE9925 /* Play-Active.png */ = {isa = PBXFileReference; lastKnownFileType = image.png; path = "Play-Active.png"; sourceTree = "<group>"; };
		BBCE48F519F7C8F000EE9925 /* Play-Active@2x.png */ = {isa = PBXFileReference; lastKnownFileType = image.png; path = "Play-Active@2x.png"; sourceTree = "<group>"; };
		BBCE48F819F7CAE200EE9925 /* ShadowTextField.h */ = {isa = PBXFileReference; fileEncoding = 4; lastKnownFileType = sourcecode.c.h; path = ShadowTextField.h; sourceTree = "<group>"; };
		BBCE48F919F7CAE200EE9925 /* ShadowTextField.m */ = {isa = PBXFileReference; fileEncoding = 4; lastKnownFileType = sourcecode.c.objc; path = ShadowTextField.m; sourceTree = "<group>"; };
		D35BC1B06D484B88BB49D717 /* Pods.xcconfig */ = {isa = PBXFileReference; includeInIndex = 1; lastKnownFileType = text.xcconfig; name = Pods.xcconfig; path = Pods/Pods.xcconfig; sourceTree = "<group>"; };
/* End PBXFileReference section */

/* Begin PBXFrameworksBuildPhase section */
		BB8989BC19EFF2B500C04857 /* Frameworks */ = {
			isa = PBXFrameworksBuildPhase;
			buildActionMask = 2147483647;
			files = (
				BBABAD6819F45DF80029B0F2 /* QuartzCore.framework in Frameworks */,
				A184C90B042A46FE9BBAEA43 /* libPods.a in Frameworks */,
			);
			runOnlyForDeploymentPostprocessing = 0;
		};
		BB8989D519EFF2B500C04857 /* Frameworks */ = {
			isa = PBXFrameworksBuildPhase;
			buildActionMask = 2147483647;
			files = (
			);
			runOnlyForDeploymentPostprocessing = 0;
		};
/* End PBXFrameworksBuildPhase section */

/* Begin PBXGroup section */
		A55AE1A9795E4E5EAE1E8202 /* Frameworks */ = {
			isa = PBXGroup;
			children = (
				BBABAD6719F45DF80029B0F2 /* QuartzCore.framework */,
				95B35D4481A94DB78201E01B /* libPods.a */,
			);
			name = Frameworks;
			sourceTree = "<group>";
		};
		BB065ABB19F12D4600A39CBF /* Database */ = {
			isa = PBXGroup;
			children = (
				BB8989CC19EFF2B500C04857 /* AirPlayMe.xcdatamodeld */,
				BB0F1F8619F6E9DB00AB06FA /* Movie.h */,
				BB0F1F8719F6E9DB00AB06FA /* Movie.m */,
				BB0F1F6719F689F800AB06FA /* TVShow.h */,
				BB0F1F6819F689F800AB06FA /* TVShow.m */,
				BB0F1F6419F689F700AB06FA /* TVEpisode.h */,
				BB0F1F6519F689F700AB06FA /* TVEpisode.m */,
			);
			name = Database;
			sourceTree = "<group>";
		};
		BB0F1F7E19F6D7C100AB06FA /* Interface */ = {
			isa = PBXGroup;
			children = (
				BB0F1F8019F6D80300AB06FA /* Browse */,
				BB0F1F7F19F6D7E900AB06FA /* Elements */,
				BB8989E819EFF6C000C04857 /* WindowController.h */,
				BB8989E919EFF6C000C04857 /* WindowController.m */,
				BB065AAE19F12B6A00A39CBF /* MasterViewController.h */,
				BB065AAF19F12B6A00A39CBF /* MasterViewController.m */,
				BB065AB119F12D2800A39CBF /* SettingsViewController.h */,
				BB065AB219F12D2800A39CBF /* SettingsViewController.m */,
				BB8989D119EFF2B500C04857 /* Main.storyboard */,
			);
			name = Interface;
			sourceTree = "<group>";
		};
		BB0F1F7F19F6D7E900AB06FA /* Elements */ = {
			isa = PBXGroup;
			children = (
				BB0F1F6D19F69CB600AB06FA /* PosterView.h */,
				BB0F1F6E19F69CB600AB06FA /* PosterView.m */,
				BB0F1F7319F6BB5D00AB06FA /* ShadowView.h */,
				BB0F1F7419F6BB5D00AB06FA /* ShadowView.m */,
				BB0F1F7619F6C0CD00AB06FA /* MainButton.h */,
				BB0F1F7719F6C0CD00AB06FA /* MainButton.m */,
				BBCE48F819F7CAE200EE9925 /* ShadowTextField.h */,
				BBCE48F919F7CAE200EE9925 /* ShadowTextField.m */,
				BBBEA35D19F8EA1400F669BC /* FlippedView.h */,
				BBBEA35E19F8EA1400F669BC /* FlippedView.m */,
				BBBEA36019F8FB3B00F669BC /* FlippedClipView.h */,
				BBBEA36119F8FB3B00F669BC /* FlippedClipView.m */,
				BBBEA36319F8FD8900F669BC /* BackDropView.h */,
				BBBEA36419F8FD8900F669BC /* BackDropView.m */,
				BBBEA36619F91D1700F669BC /* CustomBackgroundView.h */,
				BBBEA36719F91D1700F669BC /* CustomBackgroundView.m */,
				BBBEA37419F93EA300F669BC /* CustomTableCell.h */,
				BBBEA37519F93EA300F669BC /* CustomTableCell.m */,
				BBBEA37719F93F5000F669BC /* CustomTableRow.h */,
				BBBEA37819F93F5000F669BC /* CustomTableRow.m */,
			);
			name = Elements;
			sourceTree = "<group>";
		};
		BB0F1F8019F6D80300AB06FA /* Browse */ = {
			isa = PBXGroup;
			children = (
				BB065AB619F12D3B00A39CBF /* BrowserViewController.h */,
				BB065AB719F12D3B00A39CBF /* BrowserViewController.m */,
				BBABAD2D19F405660029B0F2 /* BrowserViewItem.h */,
				BBABAD2E19F405660029B0F2 /* BrowserViewItem.m */,
				BBABAD3019F409150029B0F2 /* BrowserViewItem.xib */,
				BB0F1F7919F6D7BA00AB06FA /* MovieDetailsViewController.h */,
				BB0F1F7A19F6D7BA00AB06FA /* MovieDetailsViewController.m */,
				BB0F1F7B19F6D7BA00AB06FA /* MovieDetailsViewController.xib */,
				BB0F1F8119F6DB0F00AB06FA /* TVShowDetailsViewController.h */,
				BB0F1F8219F6DB0F00AB06FA /* TVShowDetailsViewController.m */,
				BB0F1F8319F6DB0F00AB06FA /* TVShowDetailsViewController.xib */,
			);
			name = Browse;
			sourceTree = "<group>";
		};
		BB0F1F8C19F79A3500AB06FA /* Resources */ = {
			isa = PBXGroup;
			children = (
				BBBEA36919F938C100F669BC /* Eye-Active.png */,
				BBBEA36A19F938C100F669BC /* Eye-Active@2x.png */,
				BBBEA36B19F938C100F669BC /* Eye.png */,
				BBBEA36C19F938C100F669BC /* Eye@2x.png */,
				BBCE48F019F7C84C00EE9925 /* Play.png */,
				BBCE48F119F7C84C00EE9925 /* Play@2x.png */,
				BBCE48F419F7C8F000EE9925 /* Play-Active.png */,
				BBCE48F519F7C8F000EE9925 /* Play-Active@2x.png */,
				BBBEEDD219F7B11200348B92 /* Star-Empty.png */,
				BBBEEDD319F7B11200348B92 /* Star-Empty@2x.png */,
				BBBEEDD419F7B11200348B92 /* Star-Full.png */,
				BBBEEDD519F7B11200348B92 /* Star-Full@2x.png */,
			);
			path = Resources;
			sourceTree = "<group>";
		};
		BB3898BA19F27BA000FDC1BA /* Utils */ = {
			isa = PBXGroup;
			children = (
				BBABAD0319F3B0820029B0F2 /* Utils.h */,
				BBABAD0419F3B0820029B0F2 /* Utils.m */,
				BB0F1F4F19F64FDF00AB06FA /* Library.h */,
				BB0F1F5019F64FDF00AB06FA /* Library.m */,
				BB3898BE19F27BC900FDC1BA /* RegExCategories.h */,
				BB3898BF19F27BC900FDC1BA /* RegExCategories.m */,
				BBABAD3319F42ECC0029B0F2 /* YLMoment */,
			);
			path = Utils;
			sourceTree = "<group>";
		};
		BB8989B619EFF2B500C04857 = {
			isa = PBXGroup;
			children = (
				BB8989C119EFF2B500C04857 /* AirPlayMe */,
				BB8989DB19EFF2B500C04857 /* AirPlayMeTests */,
				BB8989C019EFF2B500C04857 /* Products */,
				D35BC1B06D484B88BB49D717 /* Pods.xcconfig */,
				A55AE1A9795E4E5EAE1E8202 /* Frameworks */,
			);
			sourceTree = "<group>";
		};
		BB8989C019EFF2B500C04857 /* Products */ = {
			isa = PBXGroup;
			children = (
				BB8989BF19EFF2B500C04857 /* AirPlayMe.app */,
				BB8989D819EFF2B500C04857 /* AirPlayMeTests.xctest */,
			);
			name = Products;
			sourceTree = "<group>";
		};
		BB8989C119EFF2B500C04857 /* AirPlayMe */ = {
			isa = PBXGroup;
			children = (
				BBABAD3219F426900029B0F2 /* Config.h */,
				BB8989C419EFF2B500C04857 /* AppDelegate.h */,
				BB8989C519EFF2B500C04857 /* AppDelegate.m */,
				BB3898BA19F27BA000FDC1BA /* Utils */,
				BB0F1F7E19F6D7C100AB06FA /* Interface */,
				BB0F1F8C19F79A3500AB06FA /* Resources */,
				BB065ABB19F12D4600A39CBF /* Database */,
				BB8989C219EFF2B500C04857 /* Supporting Files */,
			);
			path = AirPlayMe;
			sourceTree = "<group>";
		};
		BB8989C219EFF2B500C04857 /* Supporting Files */ = {
			isa = PBXGroup;
			children = (
				BB8989CF19EFF2B500C04857 /* Images.xcassets */,
				BB8989C319EFF2B500C04857 /* Info.plist */,
				BB8989C719EFF2B500C04857 /* main.m */,
			);
			name = "Supporting Files";
			sourceTree = "<group>";
		};
		BB8989DB19EFF2B500C04857 /* AirPlayMeTests */ = {
			isa = PBXGroup;
			children = (
				BB8989DE19EFF2B500C04857 /* AirPlayMeTests.m */,
				BB8989DC19EFF2B500C04857 /* Supporting Files */,
			);
			path = AirPlayMeTests;
			sourceTree = "<group>";
		};
		BB8989DC19EFF2B500C04857 /* Supporting Files */ = {
			isa = PBXGroup;
			children = (
				BB8989DD19EFF2B500C04857 /* Info.plist */,
			);
			name = "Supporting Files";
			sourceTree = "<group>";
		};
		BBABAD3319F42ECC0029B0F2 /* YLMoment */ = {
			isa = PBXGroup;
			children = (
				BBABAD3419F42ECC0029B0F2 /* Localization */,
				BBABAD3F19F42ECC0029B0F2 /* YLMoment.h */,
				BBABAD4019F42ECC0029B0F2 /* YLMoment.m */,
			);
			path = YLMoment;
			sourceTree = "<group>";
		};
		BBABAD3419F42ECC0029B0F2 /* Localization */ = {
			isa = PBXGroup;
			children = (
				BBABAD3519F42ECC0029B0F2 /* YLMomentRelativeTimeLocalizable.strings */,
			);
			path = Localization;
			sourceTree = "<group>";
		};
/* End PBXGroup section */

/* Begin PBXNativeTarget section */
		BB8989BE19EFF2B500C04857 /* AirPlayMe */ = {
			isa = PBXNativeTarget;
			buildConfigurationList = BB8989E219EFF2B500C04857 /* Build configuration list for PBXNativeTarget "AirPlayMe" */;
			buildPhases = (
				9A4EA7999FE9480BB3CB5DB9 /* Check Pods Manifest.lock */,
				BB8989BB19EFF2B500C04857 /* Sources */,
				BB8989BC19EFF2B500C04857 /* Frameworks */,
				BB8989BD19EFF2B500C04857 /* Resources */,
				0702A6D8BFC448188D12D157 /* Copy Pods Resources */,
			);
			buildRules = (
			);
			dependencies = (
			);
			name = AirPlayMe;
			productName = AirPlayMe;
			productReference = BB8989BF19EFF2B500C04857 /* AirPlayMe.app */;
			productType = "com.apple.product-type.application";
		};
		BB8989D719EFF2B500C04857 /* AirPlayMeTests */ = {
			isa = PBXNativeTarget;
			buildConfigurationList = BB8989E519EFF2B500C04857 /* Build configuration list for PBXNativeTarget "AirPlayMeTests" */;
			buildPhases = (
				BB8989D419EFF2B500C04857 /* Sources */,
				BB8989D519EFF2B500C04857 /* Frameworks */,
				BB8989D619EFF2B500C04857 /* Resources */,
			);
			buildRules = (
			);
			dependencies = (
				BB8989DA19EFF2B500C04857 /* PBXTargetDependency */,
			);
			name = AirPlayMeTests;
			productName = AirPlayMeTests;
			productReference = BB8989D819EFF2B500C04857 /* AirPlayMeTests.xctest */;
			productType = "com.apple.product-type.bundle.unit-test";
		};
/* End PBXNativeTarget section */

/* Begin PBXProject section */
		BB8989B719EFF2B500C04857 /* Project object */ = {
			isa = PBXProject;
			attributes = {
				LastUpgradeCheck = 0610;
				ORGANIZATIONNAME = "Plamen Todorov";
				TargetAttributes = {
					BB8989BE19EFF2B500C04857 = {
						CreatedOnToolsVersion = 6.1;
					};
					BB8989D719EFF2B500C04857 = {
						CreatedOnToolsVersion = 6.1;
						TestTargetID = BB8989BE19EFF2B500C04857;
					};
				};
			};
			buildConfigurationList = BB8989BA19EFF2B500C04857 /* Build configuration list for PBXProject "AirPlayMe" */;
			compatibilityVersion = "Xcode 3.2";
			developmentRegion = English;
			hasScannedForEncodings = 0;
			knownRegions = (
				en,
				Base,
				de,
				es,
				fr,
				ja,
				nl,
				pt,
				sq,
				zh,
			);
			mainGroup = BB8989B619EFF2B500C04857;
			productRefGroup = BB8989C019EFF2B500C04857 /* Products */;
			projectDirPath = "";
			projectRoot = "";
			targets = (
				BB8989BE19EFF2B500C04857 /* AirPlayMe */,
				BB8989D719EFF2B500C04857 /* AirPlayMeTests */,
			);
		};
/* End PBXProject section */

/* Begin PBXResourcesBuildPhase section */
		BB8989BD19EFF2B500C04857 /* Resources */ = {
			isa = PBXResourcesBuildPhase;
			buildActionMask = 2147483647;
			files = (
				BBBEA36F19F938C100F669BC /* Eye.png in Resources */,
				BB0F1F8519F6DB0F00AB06FA /* TVShowDetailsViewController.xib in Resources */,
				BB8989D019EFF2B500C04857 /* Images.xcassets in Resources */,
				BBBEEDD919F7B11200348B92 /* Star-Full@2x.png in Resources */,
				BBABAD4119F42ECC0029B0F2 /* YLMomentRelativeTimeLocalizable.strings in Resources */,
				BBCE48F619F7C8F000EE9925 /* Play-Active.png in Resources */,
				BBBEA37019F938C100F669BC /* Eye@2x.png in Resources */,
				BB8989D319EFF2B500C04857 /* Main.storyboard in Resources */,
				BBBEEDD719F7B11200348B92 /* Star-Empty@2x.png in Resources */,
				BBBEEDD619F7B11200348B92 /* Star-Empty.png in Resources */,
				BBBEA36D19F938C100F669BC /* Eye-Active.png in Resources */,
				BBABAD3119F409150029B0F2 /* BrowserViewItem.xib in Resources */,
				BBBEA36E19F938C100F669BC /* Eye-Active@2x.png in Resources */,
				BBBEEDD819F7B11200348B92 /* Star-Full.png in Resources */,
				BBCE48F719F7C8F000EE9925 /* Play-Active@2x.png in Resources */,
				BBCE48F219F7C84C00EE9925 /* Play.png in Resources */,
				BBCE48F319F7C84C00EE9925 /* Play@2x.png in Resources */,
				BB0F1F7D19F6D7BA00AB06FA /* MovieDetailsViewController.xib in Resources */,
			);
			runOnlyForDeploymentPostprocessing = 0;
		};
		BB8989D619EFF2B500C04857 /* Resources */ = {
			isa = PBXResourcesBuildPhase;
			buildActionMask = 2147483647;
			files = (
			);
			runOnlyForDeploymentPostprocessing = 0;
		};
/* End PBXResourcesBuildPhase section */

/* Begin PBXShellScriptBuildPhase section */
		0702A6D8BFC448188D12D157 /* Copy Pods Resources */ = {
			isa = PBXShellScriptBuildPhase;
			buildActionMask = 2147483647;
			files = (
			);
			inputPaths = (
			);
			name = "Copy Pods Resources";
			outputPaths = (
			);
			runOnlyForDeploymentPostprocessing = 0;
			shellPath = /bin/sh;
			shellScript = "\"${SRCROOT}/Pods/Pods-resources.sh\"\n";
			showEnvVarsInLog = 0;
		};
		9A4EA7999FE9480BB3CB5DB9 /* Check Pods Manifest.lock */ = {
			isa = PBXShellScriptBuildPhase;
			buildActionMask = 2147483647;
			files = (
			);
			inputPaths = (
			);
			name = "Check Pods Manifest.lock";
			outputPaths = (
			);
			runOnlyForDeploymentPostprocessing = 0;
			shellPath = /bin/sh;
			shellScript = "diff \"${PODS_ROOT}/../Podfile.lock\" \"${PODS_ROOT}/Manifest.lock\" > /dev/null\nif [[ $? != 0 ]] ; then\n    cat << EOM\nerror: The sandbox is not in sync with the Podfile.lock. Run 'pod install' or update your CocoaPods installation.\nEOM\n    exit 1\nfi\n";
			showEnvVarsInLog = 0;
		};
/* End PBXShellScriptBuildPhase section */

/* Begin PBXSourcesBuildPhase section */
		BB8989BB19EFF2B500C04857 /* Sources */ = {
			isa = PBXSourcesBuildPhase;
			buildActionMask = 2147483647;
			files = (
				BB0F1F7819F6C0CD00AB06FA /* MainButton.m in Sources */,
				BBABAD2F19F405660029B0F2 /* BrowserViewItem.m in Sources */,
				BB0F1F8819F6E9DB00AB06FA /* Movie.m in Sources */,
				BB8989EA19EFF6C000C04857 /* WindowController.m in Sources */,
				BB0F1F8419F6DB0F00AB06FA /* TVShowDetailsViewController.m in Sources */,
				BB8989C819EFF2B500C04857 /* main.m in Sources */,
				BBABAD4219F42ECC0029B0F2 /* YLMoment.m in Sources */,
				BBBEA37919F93F5000F669BC /* CustomTableRow.m in Sources */,
				BBBEA36219F8FB3B00F669BC /* FlippedClipView.m in Sources */,
				BBABAD0519F3B0820029B0F2 /* Utils.m in Sources */,
				BBBEA36819F91D1700F669BC /* CustomBackgroundView.m in Sources */,
				BB8989CE19EFF2B500C04857 /* AirPlayMe.xcdatamodeld in Sources */,
				BBCE48FA19F7CAE200EE9925 /* ShadowTextField.m in Sources */,
				BB8989C619EFF2B500C04857 /* AppDelegate.m in Sources */,
				BB0F1F7C19F6D7BA00AB06FA /* MovieDetailsViewController.m in Sources */,
				BB0F1F5119F64FDF00AB06FA /* Library.m in Sources */,
				BB0F1F6919F689F800AB06FA /* TVShow.m in Sources */,
				BB3898C019F27BC900FDC1BA /* RegExCategories.m in Sources */,
				BB0F1F7519F6BB5D00AB06FA /* ShadowView.m in Sources */,
				BB065AB919F12D3B00A39CBF /* BrowserViewController.m in Sources */,
				BBBEA37619F93EA300F669BC /* CustomTableCell.m in Sources */,
				BBBEA36519F8FD8900F669BC /* BackDropView.m in Sources */,
				BB065AB019F12B6A00A39CBF /* MasterViewController.m in Sources */,
				BB0F1F6F19F69CB600AB06FA /* PosterView.m in Sources */,
				BBBEA35F19F8EA1400F669BC /* FlippedView.m in Sources */,
				BB065AB419F12D2800A39CBF /* SettingsViewController.m in Sources */,
				BB0F1F6619F689F700AB06FA /* TVEpisode.m in Sources */,
			);
			runOnlyForDeploymentPostprocessing = 0;
		};
		BB8989D419EFF2B500C04857 /* Sources */ = {
			isa = PBXSourcesBuildPhase;
			buildActionMask = 2147483647;
			files = (
				BB8989DF19EFF2B500C04857 /* AirPlayMeTests.m in Sources */,
			);
			runOnlyForDeploymentPostprocessing = 0;
		};
/* End PBXSourcesBuildPhase section */

/* Begin PBXTargetDependency section */
		BB8989DA19EFF2B500C04857 /* PBXTargetDependency */ = {
			isa = PBXTargetDependency;
			target = BB8989BE19EFF2B500C04857 /* AirPlayMe */;
			targetProxy = BB8989D919EFF2B500C04857 /* PBXContainerItemProxy */;
		};
/* End PBXTargetDependency section */

/* Begin PBXVariantGroup section */
		BB8989D119EFF2B500C04857 /* Main.storyboard */ = {
			isa = PBXVariantGroup;
			children = (
				BB8989D219EFF2B500C04857 /* Base */,
			);
			name = Main.storyboard;
			sourceTree = "<group>";
		};
		BBABAD3519F42ECC0029B0F2 /* YLMomentRelativeTimeLocalizable.strings */ = {
			isa = PBXVariantGroup;
			children = (
				BBABAD3619F42ECC0029B0F2 /* de */,
				BBABAD3719F42ECC0029B0F2 /* en */,
				BBABAD3819F42ECC0029B0F2 /* es */,
				BBABAD3919F42ECC0029B0F2 /* fr */,
				BBABAD3A19F42ECC0029B0F2 /* ja */,
				BBABAD3B19F42ECC0029B0F2 /* nl */,
				BBABAD3C19F42ECC0029B0F2 /* pt */,
				BBABAD3D19F42ECC0029B0F2 /* sq */,
				BBABAD3E19F42ECC0029B0F2 /* zh */,
			);
			name = YLMomentRelativeTimeLocalizable.strings;
			sourceTree = "<group>";
		};
/* End PBXVariantGroup section */

/* Begin XCBuildConfiguration section */
		BB8989E019EFF2B500C04857 /* Debug */ = {
			isa = XCBuildConfiguration;
			buildSettings = {
				ALWAYS_SEARCH_USER_PATHS = NO;
				CLANG_CXX_LANGUAGE_STANDARD = "gnu++0x";
				CLANG_CXX_LIBRARY = "libc++";
				CLANG_ENABLE_MODULES = YES;
				CLANG_ENABLE_OBJC_ARC = YES;
				CLANG_WARN_BOOL_CONVERSION = YES;
				CLANG_WARN_CONSTANT_CONVERSION = YES;
				CLANG_WARN_DIRECT_OBJC_ISA_USAGE = YES_ERROR;
				CLANG_WARN_EMPTY_BODY = YES;
				CLANG_WARN_ENUM_CONVERSION = YES;
				CLANG_WARN_INT_CONVERSION = YES;
				CLANG_WARN_OBJC_ROOT_CLASS = YES_ERROR;
				CLANG_WARN_UNREACHABLE_CODE = YES;
				CLANG_WARN__DUPLICATE_METHOD_MATCH = YES;
				CODE_SIGN_IDENTITY = "-";
				COPY_PHASE_STRIP = NO;
				ENABLE_STRICT_OBJC_MSGSEND = YES;
				GCC_C_LANGUAGE_STANDARD = gnu99;
				GCC_DYNAMIC_NO_PIC = NO;
				GCC_OPTIMIZATION_LEVEL = 0;
				GCC_PREPROCESSOR_DEFINITIONS = (
					"DEBUG=1",
					"$(inherited)",
				);
				GCC_SYMBOLS_PRIVATE_EXTERN = NO;
				GCC_WARN_64_TO_32_BIT_CONVERSION = YES;
				GCC_WARN_ABOUT_RETURN_TYPE = YES_ERROR;
				GCC_WARN_UNDECLARED_SELECTOR = YES;
				GCC_WARN_UNINITIALIZED_AUTOS = YES_AGGRESSIVE;
				GCC_WARN_UNUSED_FUNCTION = YES;
				GCC_WARN_UNUSED_VARIABLE = YES;
				MACOSX_DEPLOYMENT_TARGET = 10.10;
				MTL_ENABLE_DEBUG_INFO = YES;
				ONLY_ACTIVE_ARCH = YES;
				SDKROOT = macosx;
			};
			name = Debug;
		};
		BB8989E119EFF2B500C04857 /* Release */ = {
			isa = XCBuildConfiguration;
			buildSettings = {
				ALWAYS_SEARCH_USER_PATHS = NO;
				CLANG_CXX_LANGUAGE_STANDARD = "gnu++0x";
				CLANG_CXX_LIBRARY = "libc++";
				CLANG_ENABLE_MODULES = YES;
				CLANG_ENABLE_OBJC_ARC = YES;
				CLANG_WARN_BOOL_CONVERSION = YES;
				CLANG_WARN_CONSTANT_CONVERSION = YES;
				CLANG_WARN_DIRECT_OBJC_ISA_USAGE = YES_ERROR;
				CLANG_WARN_EMPTY_BODY = YES;
				CLANG_WARN_ENUM_CONVERSION = YES;
				CLANG_WARN_INT_CONVERSION = YES;
				CLANG_WARN_OBJC_ROOT_CLASS = YES_ERROR;
				CLANG_WARN_UNREACHABLE_CODE = YES;
				CLANG_WARN__DUPLICATE_METHOD_MATCH = YES;
				CODE_SIGN_IDENTITY = "-";
				COPY_PHASE_STRIP = YES;
				DEBUG_INFORMATION_FORMAT = "dwarf-with-dsym";
				ENABLE_NS_ASSERTIONS = NO;
				ENABLE_STRICT_OBJC_MSGSEND = YES;
				GCC_C_LANGUAGE_STANDARD = gnu99;
				GCC_WARN_64_TO_32_BIT_CONVERSION = YES;
				GCC_WARN_ABOUT_RETURN_TYPE = YES_ERROR;
				GCC_WARN_UNDECLARED_SELECTOR = YES;
				GCC_WARN_UNINITIALIZED_AUTOS = YES_AGGRESSIVE;
				GCC_WARN_UNUSED_FUNCTION = YES;
				GCC_WARN_UNUSED_VARIABLE = YES;
				MACOSX_DEPLOYMENT_TARGET = 10.10;
				MTL_ENABLE_DEBUG_INFO = NO;
				SDKROOT = macosx;
			};
			name = Release;
		};
		BB8989E319EFF2B500C04857 /* Debug */ = {
			isa = XCBuildConfiguration;
			baseConfigurationReference = D35BC1B06D484B88BB49D717 /* Pods.xcconfig */;
			buildSettings = {
				ASSETCATALOG_COMPILER_APPICON_NAME = AppIcon;
				COMBINE_HIDPI_IMAGES = YES;
				INFOPLIST_FILE = AirPlayMe/Info.plist;
				LD_RUNPATH_SEARCH_PATHS = "$(inherited) @executable_path/../Frameworks";
				PRODUCT_NAME = "$(TARGET_NAME)";
			};
			name = Debug;
		};
		BB8989E419EFF2B500C04857 /* Release */ = {
			isa = XCBuildConfiguration;
			baseConfigurationReference = D35BC1B06D484B88BB49D717 /* Pods.xcconfig */;
			buildSettings = {
				ASSETCATALOG_COMPILER_APPICON_NAME = AppIcon;
				COMBINE_HIDPI_IMAGES = YES;
				INFOPLIST_FILE = AirPlayMe/Info.plist;
				LD_RUNPATH_SEARCH_PATHS = "$(inherited) @executable_path/../Frameworks";
				PRODUCT_NAME = "$(TARGET_NAME)";
			};
			name = Release;
		};
		BB8989E619EFF2B500C04857 /* Debug */ = {
			isa = XCBuildConfiguration;
			buildSettings = {
				BUNDLE_LOADER = "$(TEST_HOST)";
				COMBINE_HIDPI_IMAGES = YES;
				FRAMEWORK_SEARCH_PATHS = (
					"$(DEVELOPER_FRAMEWORKS_DIR)",
					"$(inherited)",
				);
				GCC_PREPROCESSOR_DEFINITIONS = (
					"DEBUG=1",
					"$(inherited)",
				);
				INFOPLIST_FILE = AirPlayMeTests/Info.plist;
				LD_RUNPATH_SEARCH_PATHS = "$(inherited) @executable_path/../Frameworks @loader_path/../Frameworks";
				PRODUCT_NAME = "$(TARGET_NAME)";
				TEST_HOST = "$(BUILT_PRODUCTS_DIR)/AirPlayMe.app/Contents/MacOS/AirPlayMe";
			};
			name = Debug;
		};
		BB8989E719EFF2B500C04857 /* Release */ = {
			isa = XCBuildConfiguration;
			buildSettings = {
				BUNDLE_LOADER = "$(TEST_HOST)";
				COMBINE_HIDPI_IMAGES = YES;
				FRAMEWORK_SEARCH_PATHS = (
					"$(DEVELOPER_FRAMEWORKS_DIR)",
					"$(inherited)",
				);
				INFOPLIST_FILE = AirPlayMeTests/Info.plist;
				LD_RUNPATH_SEARCH_PATHS = "$(inherited) @executable_path/../Frameworks @loader_path/../Frameworks";
				PRODUCT_NAME = "$(TARGET_NAME)";
				TEST_HOST = "$(BUILT_PRODUCTS_DIR)/AirPlayMe.app/Contents/MacOS/AirPlayMe";
			};
			name = Release;
		};
/* End XCBuildConfiguration section */

/* Begin XCConfigurationList section */
		BB8989BA19EFF2B500C04857 /* Build configuration list for PBXProject "AirPlayMe" */ = {
			isa = XCConfigurationList;
			buildConfigurations = (
				BB8989E019EFF2B500C04857 /* Debug */,
				BB8989E119EFF2B500C04857 /* Release */,
			);
			defaultConfigurationIsVisible = 0;
			defaultConfigurationName = Release;
		};
		BB8989E219EFF2B500C04857 /* Build configuration list for PBXNativeTarget "AirPlayMe" */ = {
			isa = XCConfigurationList;
			buildConfigurations = (
				BB8989E319EFF2B500C04857 /* Debug */,
				BB8989E419EFF2B500C04857 /* Release */,
			);
			defaultConfigurationIsVisible = 0;
			defaultConfigurationName = Release;
		};
		BB8989E519EFF2B500C04857 /* Build configuration list for PBXNativeTarget "AirPlayMeTests" */ = {
			isa = XCConfigurationList;
			buildConfigurations = (
				BB8989E619EFF2B500C04857 /* Debug */,
				BB8989E719EFF2B500C04857 /* Release */,
			);
			defaultConfigurationIsVisible = 0;
			defaultConfigurationName = Release;
		};
/* End XCConfigurationList section */

/* Begin XCVersionGroup section */
		BB8989CC19EFF2B500C04857 /* AirPlayMe.xcdatamodeld */ = {
			isa = XCVersionGroup;
			children = (
				BB8989CD19EFF2B500C04857 /* AirPlayMe.xcdatamodel */,
			);
			currentVersion = BB8989CD19EFF2B500C04857 /* AirPlayMe.xcdatamodel */;
			path = AirPlayMe.xcdatamodeld;
			sourceTree = "<group>";
			versionGroupType = wrapper.xcdatamodel;
		};
/* End XCVersionGroup section */
	};
	rootObject = BB8989B719EFF2B500C04857 /* Project object */;
}
